
Microsoft Visual Studio Solution File, Format Version 12.00
# Visual Studio Version 16
VisualStudioVersion = 16.0.31515.178
MinimumVisualStudioVersion = 10.0.40219.1
Project("{FAE04EC0-301F-11D3-BF4B-00C04F79EFBC}") = "hypixelskyblockflipapp", "hypixelskyblockflipapp\hypixelskyblockflipapp.csproj", "{B21DC0AC-D0B8-463E-A344-27BF02252E62}"
EndProject
Global
	GlobalSection(SolutionConfigurationPlatforms) = preSolution
		Debug|Any CPU = Debug|Any CPU
		Release|Any CPU = Release|Any CPU
	EndGlobalSection
	GlobalSection(ProjectConfigurationPlatforms) = postSolution
		{B21DC0AC-D0B8-463E-A344-27BF02252E62}.Debug|Any CPU.ActiveCfg = Debug|Any CPU
		{B21DC0AC-D0B8-463E-A344-27BF02252E62}.Debug|Any CPU.Build.0 = Debug|Any CPU
		{B21DC0AC-D0B8-463E-A344-27BF02252E62}.Release|Any CPU.ActiveCfg = Release|Any CPU
		{B21DC0AC-D0B8-463E-A344-27BF02252E62}.Release|Any CPU.Build.0 = Release|Any CPU
	EndGlobalSection
	GlobalSection(SolutionProperties) = preSolution
		HideSolutionNode = FALSE
	EndGlobalSection
	GlobalSection(ExtensibilityGlobals) = postSolution
		SolutionGuid = {EA975F0C-8477-4A89-A216-98DB2207F12C}
	EndGlobalSection
EndGlobal
